PODS:
  - Alamofire (5.8.1)
  - AlamofireImage (4.3.0):
    - Alamofire (~> 5.8)
  - CHTCollectionViewWaterfallLayout (0.9.10):
    - CHTCollectionViewWaterfallLayout/Swift (= 0.9.10)
  - CHTCollectionViewWaterfallLayout/Swift (0.9.10)
  - FittedSheets (2.6.1)
  - PaginatedTableView (1.0.1)
  - QCropper (0.1.7)
  - SDDownloadManager (1.1.0)
  - SDWebImage (5.18.10):
    - SDWebImage/Core (= 5.18.10)
  - SDWebImage/Core (5.18.10)
  - SoftButton (0.1.0)
  - SQLCipher (4.5.6):
    - SQLCipher/standard (= 4.5.6)
  - SQLCipher/common (4.5.6)
  - SQLCipher/standard (4.5.6):
    - SQLCipher/common
  - SQLite.swift/SQLCipher (0.14.1):
    - SQLCipher (>= 4.0.0)
  - Toast-Swift (5.0.1)
  - TOCropViewController (2.6.1)

DEPENDENCIES:
  - Alamofire
  - AlamofireImage (~> 4.1)
  - CHTCollectionViewWaterfallLayout
  - FittedSheets
  - PaginatedTableView
  - QCropper
  - SDDownloadManager
  - SDWebImage
  - SoftButton
  - SQLite.swift/SQLCipher
  - Toast-Swift (~> 5.0.1)
  - TOCropViewController

SPEC REPOS:
  trunk:
    - Alamofire
    - AlamofireImage
    - CHTCollectionViewWaterfallLayout
    - FittedSheets
    - PaginatedTableView
    - QCropper
    - SDDownloadManager
    - SDWebImage
    - SoftButton
    - SQLCipher
    - SQLite.swift
    - Toast-Swift
    - TOCropViewController

SPEC CHECKSUMS:
  Alamofire: 3ca42e259043ee0dc5c0cdd76c4bc568b8e42af7
  AlamofireImage: 843953fa97bee5f561cf05d83abd759e590b068d
  CHTCollectionViewWaterfallLayout: b989a459788d7657ac010e03bc0f7eedca95a420
  FittedSheets: 37e35f105c531f3845075f1788dd8517a35315c4
  PaginatedTableView: 294d9831d5ddf5c0dcfbb4a281d4fcfb8d12f55a
  QCropper: aef6bad1e683e62b501fb8258359ccd10c68b4f2
  SDDownloadManager: 62a9339c03ea27606effefd9aa1800e4127e3a52
  SDWebImage: fc8f2d48bbfd72ef39d70e981bd24a3f3be53fec
  SoftButton: 047bf63ec0c6b6c6a19c02a6f9e5ee4c79d853f3
  SQLCipher: 838309284f29953a28ad2e81d87d55ea6b7c74fd
  SQLite.swift: 2992550ebf3c5b268bf4352603e3df87d2a4ed72
  Toast-Swift: 9b6a70f28b3bf0b96c40d46c0c4b9d6639846711
  TOCropViewController: edfd4f25713d56905ad1e0b9f5be3fbe0f59c863

PODFILE CHECKSUM: a3860c99e136c1e840c12fae33e693e49536f303

COCOAPODS: 1.13.0
