// !$*UTF8*$!
{
	archiveVersion = 1;
	classes = {
	};
	objectVersion = 56;
	objects = {

/* Begin PBXBuildFile section */
		21125DCA2B218E84004A612D /* Roboto-ThinItalic.ttf in Resources */ = {isa = PBXBuildFile; fileRef = 21125DC62B218E5A004A612D /* Roboto-ThinItalic.ttf */; };
		21125DCB2B218E85004A612D /* Roboto-ThinItalic.ttf in Resources */ = {isa = PBXBuildFile; fileRef = 21125DC62B218E5A004A612D /* Roboto-ThinItalic.ttf */; };
		21125DCC2B218E86004A612D /* Roboto-ThinItalic.ttf in Resources */ = {isa = PBXBuildFile; fileRef = 21125DC62B218E5A004A612D /* Roboto-ThinItalic.ttf */; };
		21125DCD2B218E8F004A612D /* Roboto-Black.ttf in Resources */ = {isa = PBXBuildFile; fileRef = 21125DC52B218E5A004A612D /* Roboto-Black.ttf */; };
		21125DCE2B218E8F004A612D /* Roboto-BoldItalic.ttf in Resources */ = {isa = PBXBuildFile; fileRef = 21125DC22B218E5A004A612D /* Roboto-BoldItalic.ttf */; };
		21125DCF2B218E8F004A612D /* Roboto-Light.ttf in Resources */ = {isa = PBXBuildFile; fileRef = 21125DC72B218E5A004A612D /* Roboto-Light.ttf */; };
		21125DD02B218E8F004A612D /* Roboto-Medium.ttf in Resources */ = {isa = PBXBuildFile; fileRef = 21125DC42B218E5A004A612D /* Roboto-Medium.ttf */; };
		21125DD12B218E8F004A612D /* Roboto-BlackItalic.ttf in Resources */ = {isa = PBXBuildFile; fileRef = 21125DBE2B218E59004A612D /* Roboto-BlackItalic.ttf */; };
		21125DD22B218E8F004A612D /* Roboto-Italic.ttf in Resources */ = {isa = PBXBuildFile; fileRef = 21125DC32B218E5A004A612D /* Roboto-Italic.ttf */; };
		21125DD32B218E8F004A612D /* Roboto-Regular.ttf in Resources */ = {isa = PBXBuildFile; fileRef = 21125DC12B218E5A004A612D /* Roboto-Regular.ttf */; };
		21125DD42B218E8F004A612D /* Roboto-MediumItalic.ttf in Resources */ = {isa = PBXBuildFile; fileRef = 21125DBF2B218E59004A612D /* Roboto-MediumItalic.ttf */; };
		21125DD52B218E8F004A612D /* Roboto-Bold.ttf in Resources */ = {isa = PBXBuildFile; fileRef = 21125DC82B218E5A004A612D /* Roboto-Bold.ttf */; };
		21125DD62B218E8F004A612D /* Roboto-Thin.ttf in Resources */ = {isa = PBXBuildFile; fileRef = 21125DC92B218E5A004A612D /* Roboto-Thin.ttf */; };
		21125DD72B218E8F004A612D /* Roboto-LightItalic.ttf in Resources */ = {isa = PBXBuildFile; fileRef = 21125DC02B218E5A004A612D /* Roboto-LightItalic.ttf */; };
		21125DD82B218E8F004A612D /* Roboto-Black.ttf in Resources */ = {isa = PBXBuildFile; fileRef = 21125DC52B218E5A004A612D /* Roboto-Black.ttf */; };
		21125DD92B218E8F004A612D /* Roboto-BoldItalic.ttf in Resources */ = {isa = PBXBuildFile; fileRef = 21125DC22B218E5A004A612D /* Roboto-BoldItalic.ttf */; };
		21125DDA2B218E8F004A612D /* Roboto-Light.ttf in Resources */ = {isa = PBXBuildFile; fileRef = 21125DC72B218E5A004A612D /* Roboto-Light.ttf */; };
		21125DDB2B218E8F004A612D /* Roboto-Medium.ttf in Resources */ = {isa = PBXBuildFile; fileRef = 21125DC42B218E5A004A612D /* Roboto-Medium.ttf */; };
		21125DDC2B218E8F004A612D /* Roboto-BlackItalic.ttf in Resources */ = {isa = PBXBuildFile; fileRef = 21125DBE2B218E59004A612D /* Roboto-BlackItalic.ttf */; };
		21125DDD2B218E8F004A612D /* Roboto-Italic.ttf in Resources */ = {isa = PBXBuildFile; fileRef = 21125DC32B218E5A004A612D /* Roboto-Italic.ttf */; };
		21125DDE2B218E8F004A612D /* Roboto-Regular.ttf in Resources */ = {isa = PBXBuildFile; fileRef = 21125DC12B218E5A004A612D /* Roboto-Regular.ttf */; };
		21125DDF2B218E8F004A612D /* Roboto-MediumItalic.ttf in Resources */ = {isa = PBXBuildFile; fileRef = 21125DBF2B218E59004A612D /* Roboto-MediumItalic.ttf */; };
		21125DE02B218E8F004A612D /* Roboto-Bold.ttf in Resources */ = {isa = PBXBuildFile; fileRef = 21125DC82B218E5A004A612D /* Roboto-Bold.ttf */; };
		21125DE12B218E8F004A612D /* Roboto-Thin.ttf in Resources */ = {isa = PBXBuildFile; fileRef = 21125DC92B218E5A004A612D /* Roboto-Thin.ttf */; };
		21125DE22B218E8F004A612D /* Roboto-LightItalic.ttf in Resources */ = {isa = PBXBuildFile; fileRef = 21125DC02B218E5A004A612D /* Roboto-LightItalic.ttf */; };
		21125DE32B218E8F004A612D /* Roboto-Black.ttf in Resources */ = {isa = PBXBuildFile; fileRef = 21125DC52B218E5A004A612D /* Roboto-Black.ttf */; };
		21125DE42B218E8F004A612D /* Roboto-BoldItalic.ttf in Resources */ = {isa = PBXBuildFile; fileRef = 21125DC22B218E5A004A612D /* Roboto-BoldItalic.ttf */; };
		21125DE52B218E8F004A612D /* Roboto-Light.ttf in Resources */ = {isa = PBXBuildFile; fileRef = 21125DC72B218E5A004A612D /* Roboto-Light.ttf */; };
		21125DE62B218E8F004A612D /* Roboto-Medium.ttf in Resources */ = {isa = PBXBuildFile; fileRef = 21125DC42B218E5A004A612D /* Roboto-Medium.ttf */; };
		21125DE72B218E8F004A612D /* Roboto-BlackItalic.ttf in Resources */ = {isa = PBXBuildFile; fileRef = 21125DBE2B218E59004A612D /* Roboto-BlackItalic.ttf */; };
		21125DE82B218E8F004A612D /* Roboto-Italic.ttf in Resources */ = {isa = PBXBuildFile; fileRef = 21125DC32B218E5A004A612D /* Roboto-Italic.ttf */; };
		21125DE92B218E8F004A612D /* Roboto-Regular.ttf in Resources */ = {isa = PBXBuildFile; fileRef = 21125DC12B218E5A004A612D /* Roboto-Regular.ttf */; };
		21125DEA2B218E8F004A612D /* Roboto-MediumItalic.ttf in Resources */ = {isa = PBXBuildFile; fileRef = 21125DBF2B218E59004A612D /* Roboto-MediumItalic.ttf */; };
		21125DEB2B218E8F004A612D /* Roboto-Bold.ttf in Resources */ = {isa = PBXBuildFile; fileRef = 21125DC82B218E5A004A612D /* Roboto-Bold.ttf */; };
		21125DEC2B218E8F004A612D /* Roboto-Thin.ttf in Resources */ = {isa = PBXBuildFile; fileRef = 21125DC92B218E5A004A612D /* Roboto-Thin.ttf */; };
		21125DED2B218E8F004A612D /* Roboto-LightItalic.ttf in Resources */ = {isa = PBXBuildFile; fileRef = 21125DC02B218E5A004A612D /* Roboto-LightItalic.ttf */; };
		21125DF22B2193D1004A612D /* OnboardingVC.swift in Sources */ = {isa = PBXBuildFile; fileRef = 21125DF12B2193D1004A612D /* OnboardingVC.swift */; };
		21125E122B21BF8C004A612D /* BlueLoder.swift in Sources */ = {isa = PBXBuildFile; fileRef = 21125E112B21BF8C004A612D /* BlueLoder.swift */; };
		21125E142B21BFAF004A612D /* AppConst.swift in Sources */ = {isa = PBXBuildFile; fileRef = 21125E132B21BFAF004A612D /* AppConst.swift */; };
		21312CC52B26FDE700F5C50A /* SearchVC.swift in Sources */ = {isa = PBXBuildFile; fileRef = 21312CC42B26FDE700F5C50A /* SearchVC.swift */; };
		219D1AFB2B28166E004A53F6 /* UnsplashAPIClient.swift in Sources */ = {isa = PBXBuildFile; fileRef = 219D1AFA2B28166E004A53F6 /* UnsplashAPIClient.swift */; };
		219D1B012B282145004A53F6 /* ImageViewController.swift in Sources */ = {isa = PBXBuildFile; fileRef = 219D1B002B282145004A53F6 /* ImageViewController.swift */; };
		21B300142B22DE03005168FF /* SearchImage.swift in Sources */ = {isa = PBXBuildFile; fileRef = 21B300132B22DE03005168FF /* SearchImage.swift */; };
		21C1D6582B20499F0022A120 /* AppDelegate.swift in Sources */ = {isa = PBXBuildFile; fileRef = 21C1D6572B20499F0022A120 /* AppDelegate.swift */; };
		21C1D65A2B20499F0022A120 /* SceneDelegate.swift in Sources */ = {isa = PBXBuildFile; fileRef = 21C1D6592B20499F0022A120 /* SceneDelegate.swift */; };
		21C1D65C2B20499F0022A120 /* ViewController.swift in Sources */ = {isa = PBXBuildFile; fileRef = 21C1D65B2B20499F0022A120 /* ViewController.swift */; };
		21C1D65F2B20499F0022A120 /* Main.storyboard in Resources */ = {isa = PBXBuildFile; fileRef = 21C1D65D2B20499F0022A120 /* Main.storyboard */; };
		21C1D6612B2049A40022A120 /* Assets.xcassets in Resources */ = {isa = PBXBuildFile; fileRef = 21C1D6602B2049A40022A120 /* Assets.xcassets */; };
		21C1D6642B2049A40022A120 /* LaunchScreen.storyboard in Resources */ = {isa = PBXBuildFile; fileRef = 21C1D6622B2049A40022A120 /* LaunchScreen.storyboard */; };
		21C1D66F2B2049A40022A120 /* UnsplashTests.swift in Sources */ = {isa = PBXBuildFile; fileRef = 21C1D66E2B2049A40022A120 /* UnsplashTests.swift */; };
		21C1D6792B2049A40022A120 /* UnsplashUITests.swift in Sources */ = {isa = PBXBuildFile; fileRef = 21C1D6782B2049A40022A120 /* UnsplashUITests.swift */; };
		21C1D67B2B2049A40022A120 /* UnsplashUITestsLaunchTests.swift in Sources */ = {isa = PBXBuildFile; fileRef = 21C1D67A2B2049A40022A120 /* UnsplashUITestsLaunchTests.swift */; };
		21C1D68A2B204B400022A120 /* HomePageImage.swift in Sources */ = {isa = PBXBuildFile; fileRef = 21C1D6892B204B400022A120 /* HomePageImage.swift */; };
		21C1D68C2B206C280022A120 /* CollectionViewCell.swift in Sources */ = {isa = PBXBuildFile; fileRef = 21C1D68B2B206C280022A120 /* CollectionViewCell.swift */; };
		4E62E51C73CD77330E9D7B7C /* Pods_UnsplashTests.framework in Frameworks */ = {isa = PBXBuildFile; fileRef = E08F1972F52C47C711D21672 /* Pods_UnsplashTests.framework */; };
		90E39A38F876AFF6671B7D82 /* Pods_Unsplash.framework in Frameworks */ = {isa = PBXBuildFile; fileRef = F3E769F5998A903AE77E981D /* Pods_Unsplash.framework */; };
		C8B4D6626212B59BE957AE40 /* Pods_Unsplash_UnsplashUITests.framework in Frameworks */ = {isa = PBXBuildFile; fileRef = 4FC83AA8B39A7CA19D236006 /* Pods_Unsplash_UnsplashUITests.framework */; };
/* End PBXBuildFile section */

/* Begin PBXContainerItemProxy section */
		21C1D66B2B2049A40022A120 /* PBXContainerItemProxy */ = {
			isa = PBXContainerItemProxy;
			containerPortal = 21C1D64C2B20499E0022A120 /* Project object */;
			proxyType = 1;
			remoteGlobalIDString = 21C1D6532B20499F0022A120;
			remoteInfo = Unsplash;
		};
		21C1D6752B2049A40022A120 /* PBXContainerItemProxy */ = {
			isa = PBXContainerItemProxy;
			containerPortal = 21C1D64C2B20499E0022A120 /* Project object */;
			proxyType = 1;
			remoteGlobalIDString = 21C1D6532B20499F0022A120;
			remoteInfo = Unsplash;
		};
/* End PBXContainerItemProxy section */

/* Begin PBXFileReference section */
		0910575821297AC66F617FC0 /* Pods-Unsplash.release.xcconfig */ = {isa = PBXFileReference; includeInIndex = 1; lastKnownFileType = text.xcconfig; name = "Pods-Unsplash.release.xcconfig"; path = "Target Support Files/Pods-Unsplash/Pods-Unsplash.release.xcconfig"; sourceTree = "<group>"; };
		11B27AE8BEE92F3B6DB14FCE /* Pods-Unsplash-UnsplashUITests.release.xcconfig */ = {isa = PBXFileReference; includeInIndex = 1; lastKnownFileType = text.xcconfig; name = "Pods-Unsplash-UnsplashUITests.release.xcconfig"; path = "Target Support Files/Pods-Unsplash-UnsplashUITests/Pods-Unsplash-UnsplashUITests.release.xcconfig"; sourceTree = "<group>"; };
		21125DBE2B218E59004A612D /* Roboto-BlackItalic.ttf */ = {isa = PBXFileReference; lastKnownFileType = file; path = "Roboto-BlackItalic.ttf"; sourceTree = "<group>"; };
		21125DBF2B218E59004A612D /* Roboto-MediumItalic.ttf */ = {isa = PBXFileReference; lastKnownFileType = file; path = "Roboto-MediumItalic.ttf"; sourceTree = "<group>"; };
		21125DC02B218E5A004A612D /* Roboto-LightItalic.ttf */ = {isa = PBXFileReference; lastKnownFileType = file; path = "Roboto-LightItalic.ttf"; sourceTree = "<group>"; };
		21125DC12B218E5A004A612D /* Roboto-Regular.ttf */ = {isa = PBXFileReference; lastKnownFileType = file; path = "Roboto-Regular.ttf"; sourceTree = "<group>"; };
		21125DC22B218E5A004A612D /* Roboto-BoldItalic.ttf */ = {isa = PBXFileReference; lastKnownFileType = file; path = "Roboto-BoldItalic.ttf"; sourceTree = "<group>"; };
		21125DC32B218E5A004A612D /* Roboto-Italic.ttf */ = {isa = PBXFileReference; lastKnownFileType = file; path = "Roboto-Italic.ttf"; sourceTree = "<group>"; };
		21125DC42B218E5A004A612D /* Roboto-Medium.ttf */ = {isa = PBXFileReference; lastKnownFileType = file; path = "Roboto-Medium.ttf"; sourceTree = "<group>"; };
		21125DC52B218E5A004A612D /* Roboto-Black.ttf */ = {isa = PBXFileReference; lastKnownFileType = file; path = "Roboto-Black.ttf"; sourceTree = "<group>"; };
		21125DC62B218E5A004A612D /* Roboto-ThinItalic.ttf */ = {isa = PBXFileReference; lastKnownFileType = file; path = "Roboto-ThinItalic.ttf"; sourceTree = "<group>"; };
		21125DC72B218E5A004A612D /* Roboto-Light.ttf */ = {isa = PBXFileReference; lastKnownFileType = file; path = "Roboto-Light.ttf"; sourceTree = "<group>"; };
		21125DC82B218E5A004A612D /* Roboto-Bold.ttf */ = {isa = PBXFileReference; lastKnownFileType = file; path = "Roboto-Bold.ttf"; sourceTree = "<group>"; };
		21125DC92B218E5A004A612D /* Roboto-Thin.ttf */ = {isa = PBXFileReference; lastKnownFileType = file; path = "Roboto-Thin.ttf"; sourceTree = "<group>"; };
		21125DF12B2193D1004A612D /* OnboardingVC.swift */ = {isa = PBXFileReference; lastKnownFileType = sourcecode.swift; path = OnboardingVC.swift; sourceTree = "<group>"; };
		21125E112B21BF8C004A612D /* BlueLoder.swift */ = {isa = PBXFileReference; lastKnownFileType = sourcecode.swift; path = BlueLoder.swift; sourceTree = "<group>"; };
		21125E132B21BFAF004A612D /* AppConst.swift */ = {isa = PBXFileReference; lastKnownFileType = sourcecode.swift; path = AppConst.swift; sourceTree = "<group>"; };
		21312CC42B26FDE700F5C50A /* SearchVC.swift */ = {isa = PBXFileReference; lastKnownFileType = sourcecode.swift; path = SearchVC.swift; sourceTree = "<group>"; };
		219D1AFA2B28166E004A53F6 /* UnsplashAPIClient.swift */ = {isa = PBXFileReference; lastKnownFileType = sourcecode.swift; path = UnsplashAPIClient.swift; sourceTree = "<group>"; };
		219D1B002B282145004A53F6 /* ImageViewController.swift */ = {isa = PBXFileReference; lastKnownFileType = sourcecode.swift; path = ImageViewController.swift; sourceTree = "<group>"; };
		21B300132B22DE03005168FF /* SearchImage.swift */ = {isa = PBXFileReference; lastKnownFileType = sourcecode.swift; path = SearchImage.swift; sourceTree = "<group>"; };
		21C1D6542B20499F0022A120 /* Unsplash.app */ = {isa = PBXFileReference; explicitFileType = wrapper.application; includeInIndex = 0; path = Unsplash.app; sourceTree = BUILT_PRODUCTS_DIR; };
		21C1D6572B20499F0022A120 /* AppDelegate.swift */ = {isa = PBXFileReference; lastKnownFileType = sourcecode.swift; path = AppDelegate.swift; sourceTree = "<group>"; };
		21C1D6592B20499F0022A120 /* SceneDelegate.swift */ = {isa = PBXFileReference; lastKnownFileType = sourcecode.swift; path = SceneDelegate.swift; sourceTree = "<group>"; };
		21C1D65B2B20499F0022A120 /* ViewController.swift */ = {isa = PBXFileReference; lastKnownFileType = sourcecode.swift; path = ViewController.swift; sourceTree = "<group>"; };
		21C1D65E2B20499F0022A120 /* Base */ = {isa = PBXFileReference; lastKnownFileType = file.storyboard; name = Base; path = Base.lproj/Main.storyboard; sourceTree = "<group>"; };
		21C1D6602B2049A40022A120 /* Assets.xcassets */ = {isa = PBXFileReference; lastKnownFileType = folder.assetcatalog; path = Assets.xcassets; sourceTree = "<group>"; };
		21C1D6632B2049A40022A120 /* Base */ = {isa = PBXFileReference; lastKnownFileType = file.storyboard; name = Base; path = Base.lproj/LaunchScreen.storyboard; sourceTree = "<group>"; };
		21C1D6652B2049A40022A120 /* Info.plist */ = {isa = PBXFileReference; lastKnownFileType = text.plist.xml; path = Info.plist; sourceTree = "<group>"; };
		21C1D66A2B2049A40022A120 /* UnsplashTests.xctest */ = {isa = PBXFileReference; explicitFileType = wrapper.cfbundle; includeInIndex = 0; path = UnsplashTests.xctest; sourceTree = BUILT_PRODUCTS_DIR; };
		21C1D66E2B2049A40022A120 /* UnsplashTests.swift */ = {isa = PBXFileReference; lastKnownFileType = sourcecode.swift; path = UnsplashTests.swift; sourceTree = "<group>"; };
		21C1D6742B2049A40022A120 /* UnsplashUITests.xctest */ = {isa = PBXFileReference; explicitFileType = wrapper.cfbundle; includeInIndex = 0; path = UnsplashUITests.xctest; sourceTree = BUILT_PRODUCTS_DIR; };
		21C1D6782B2049A40022A120 /* UnsplashUITests.swift */ = {isa = PBXFileReference; lastKnownFileType = sourcecode.swift; path = UnsplashUITests.swift; sourceTree = "<group>"; };
		21C1D67A2B2049A40022A120 /* UnsplashUITestsLaunchTests.swift */ = {isa = PBXFileReference; lastKnownFileType = sourcecode.swift; path = UnsplashUITestsLaunchTests.swift; sourceTree = "<group>"; };
		21C1D6892B204B400022A120 /* HomePageImage.swift */ = {isa = PBXFileReference; lastKnownFileType = sourcecode.swift; path = HomePageImage.swift; sourceTree = "<group>"; };
		21C1D68B2B206C280022A120 /* CollectionViewCell.swift */ = {isa = PBXFileReference; lastKnownFileType = sourcecode.swift; path = CollectionViewCell.swift; sourceTree = "<group>"; };
		4FC83AA8B39A7CA19D236006 /* Pods_Unsplash_UnsplashUITests.framework */ = {isa = PBXFileReference; explicitFileType = wrapper.framework; includeInIndex = 0; path = Pods_Unsplash_UnsplashUITests.framework; sourceTree = BUILT_PRODUCTS_DIR; };
		5A535C5C2C1A19AFFE98FFE4 /* Pods-UnsplashTests.release.xcconfig */ = {isa = PBXFileReference; includeInIndex = 1; lastKnownFileType = text.xcconfig; name = "Pods-UnsplashTests.release.xcconfig"; path = "Target Support Files/Pods-UnsplashTests/Pods-UnsplashTests.release.xcconfig"; sourceTree = "<group>"; };
		603669E2591C955FD05A3D9B /* Pods-Unsplash-UnsplashUITests.debug.xcconfig */ = {isa = PBXFileReference; includeInIndex = 1; lastKnownFileType = text.xcconfig; name = "Pods-Unsplash-UnsplashUITests.debug.xcconfig"; path = "Target Support Files/Pods-Unsplash-UnsplashUITests/Pods-Unsplash-UnsplashUITests.debug.xcconfig"; sourceTree = "<group>"; };
		8C8470B68940F8BDF0F5C342 /* Pods-UnsplashTests.debug.xcconfig */ = {isa = PBXFileReference; includeInIndex = 1; lastKnownFileType = text.xcconfig; name = "Pods-UnsplashTests.debug.xcconfig"; path = "Target Support Files/Pods-UnsplashTests/Pods-UnsplashTests.debug.xcconfig"; sourceTree = "<group>"; };
		ADE7E9912A5057AD826E8FBC /* Pods-Unsplash.debug.xcconfig */ = {isa = PBXFileReference; includeInIndex = 1; lastKnownFileType = text.xcconfig; name = "Pods-Unsplash.debug.xcconfig"; path = "Target Support Files/Pods-Unsplash/Pods-Unsplash.debug.xcconfig"; sourceTree = "<group>"; };
		E08F1972F52C47C711D21672 /* Pods_UnsplashTests.framework */ = {isa = PBXFileReference; explicitFileType = wrapper.framework; includeInIndex = 0; path = Pods_UnsplashTests.framework; sourceTree = BUILT_PRODUCTS_DIR; };
		F3E769F5998A903AE77E981D /* Pods_Unsplash.framework */ = {isa = PBXFileReference; explicitFileType = wrapper.framework; includeInIndex = 0; path = Pods_Unsplash.framework; sourceTree = BUILT_PRODUCTS_DIR; };
/* End PBXFileReference section */

/* Begin PBXFrameworksBuildPhase section */
		21C1D6512B20499F0022A120 /* Frameworks */ = {
			isa = PBXFrameworksBuildPhase;
			buildActionMask = 2147483647;
			files = (
				90E39A38F876AFF6671B7D82 /* Pods_Unsplash.framework in Frameworks */,
			);
			runOnlyForDeploymentPostprocessing = 0;
		};
		21C1D6672B2049A40022A120 /* Frameworks */ = {
			isa = PBXFrameworksBuildPhase;
			buildActionMask = 2147483647;
			files = (
				4E62E51C73CD77330E9D7B7C /* Pods_UnsplashTests.framework in Frameworks */,
			);
			runOnlyForDeploymentPostprocessing = 0;
		};
		21C1D6712B2049A40022A120 /* Frameworks */ = {
			isa = PBXFrameworksBuildPhase;
			buildActionMask = 2147483647;
			files = (
				C8B4D6626212B59BE957AE40 /* Pods_Unsplash_UnsplashUITests.framework in Frameworks */,
			);
			runOnlyForDeploymentPostprocessing = 0;
		};
/* End PBXFrameworksBuildPhase section */

/* Begin PBXGroup section */
		21125DBD2B218E4D004A612D /* Font */ = {
			isa = PBXGroup;
			children = (
				21125DC52B218E5A004A612D /* Roboto-Black.ttf */,
				21125DBE2B218E59004A612D /* Roboto-BlackItalic.ttf */,
				21125DC82B218E5A004A612D /* Roboto-Bold.ttf */,
				21125DC22B218E5A004A612D /* Roboto-BoldItalic.ttf */,
				21125DC32B218E5A004A612D /* Roboto-Italic.ttf */,
				21125DC72B218E5A004A612D /* Roboto-Light.ttf */,
				21125DC02B218E5A004A612D /* Roboto-LightItalic.ttf */,
				21125DC42B218E5A004A612D /* Roboto-Medium.ttf */,
				21125DBF2B218E59004A612D /* Roboto-MediumItalic.ttf */,
				21125DC12B218E5A004A612D /* Roboto-Regular.ttf */,
				21125DC92B218E5A004A612D /* Roboto-Thin.ttf */,
				21125DC62B218E5A004A612D /* Roboto-ThinItalic.ttf */,
			);
			path = Font;
			sourceTree = "<group>";
		};
		219D1AF92B281658004A53F6 /* Class */ = {
			isa = PBXGroup;
			children = (
				219D1AFA2B28166E004A53F6 /* UnsplashAPIClient.swift */,
				21125E132B21BFAF004A612D /* AppConst.swift */,
				21125E112B21BF8C004A612D /* BlueLoder.swift */,
			);
			path = Class;
			sourceTree = "<group>";
		};
		219D1AFC2B2816D1004A53F6 /* ViewController */ = {
			isa = PBXGroup;
			children = (
				21C1D65B2B20499F0022A120 /* ViewController.swift */,
				21312CC42B26FDE700F5C50A /* SearchVC.swift */,
				21125DF12B2193D1004A612D /* OnboardingVC.swift */,
				219D1B002B282145004A53F6 /* ImageViewController.swift */,
			);
			path = ViewController;
			sourceTree = "<group>";
		};
		219D1AFD2B2816EA004A53F6 /* Model */ = {
			isa = PBXGroup;
			children = (
				21B300132B22DE03005168FF /* SearchImage.swift */,
				21C1D6892B204B400022A120 /* HomePageImage.swift */,
			);
			path = Model;
			sourceTree = "<group>";
		};
		219D1AFE2B281737004A53F6 /* CollectionViewCell */ = {
			isa = PBXGroup;
			children = (
				21C1D68B2B206C280022A120 /* CollectionViewCell.swift */,
			);
			path = CollectionViewCell;
			sourceTree = "<group>";
		};
		21C1D64B2B20499E0022A120 = {
			isa = PBXGroup;
			children = (
				21C1D6562B20499F0022A120 /* Unsplash */,
				21C1D66D2B2049A40022A120 /* UnsplashTests */,
				21C1D6772B2049A40022A120 /* UnsplashUITests */,
				21C1D6552B20499F0022A120 /* Products */,
				DC271B69A8315F4A62A78AF2 /* Pods */,
				F266129B5379E2C1E48109DE /* Frameworks */,
			);
			sourceTree = "<group>";
		};
		21C1D6552B20499F0022A120 /* Products */ = {
			isa = PBXGroup;
			children = (
				21C1D6542B20499F0022A120 /* Unsplash.app */,
				21C1D66A2B2049A40022A120 /* UnsplashTests.xctest */,
				21C1D6742B2049A40022A120 /* UnsplashUITests.xctest */,
			);
			name = Products;
			sourceTree = "<group>";
		};
		21C1D6562B20499F0022A120 /* Unsplash */ = {
			isa = PBXGroup;
			children = (
				219D1AFE2B281737004A53F6 /* CollectionViewCell */,
				219D1AFD2B2816EA004A53F6 /* Model */,
				219D1AFC2B2816D1004A53F6 /* ViewController */,
				219D1AF92B281658004A53F6 /* Class */,
				21125DBD2B218E4D004A612D /* Font */,
				21C1D6572B20499F0022A120 /* AppDelegate.swift */,
				21C1D6592B20499F0022A120 /* SceneDelegate.swift */,
				21C1D65D2B20499F0022A120 /* Main.storyboard */,
				21C1D6602B2049A40022A120 /* Assets.xcassets */,
				21C1D6622B2049A40022A120 /* LaunchScreen.storyboard */,
				21C1D6652B2049A40022A120 /* Info.plist */,
			);
			path = Unsplash;
			sourceTree = "<group>";
		};
		21C1D66D2B2049A40022A120 /* UnsplashTests */ = {
			isa = PBXGroup;
			children = (
				21C1D66E2B2049A40022A120 /* UnsplashTests.swift */,
			);
			path = UnsplashTests;
			sourceTree = "<group>";
		};
		21C1D6772B2049A40022A120 /* UnsplashUITests */ = {
			isa = PBXGroup;
			children = (
				21C1D6782B2049A40022A120 /* UnsplashUITests.swift */,
				21C1D67A2B2049A40022A120 /* UnsplashUITestsLaunchTests.swift */,
			);
			path = UnsplashUITests;
			sourceTree = "<group>";
		};
		DC271B69A8315F4A62A78AF2 /* Pods */ = {
			isa = PBXGroup;
			children = (
				ADE7E9912A5057AD826E8FBC /* Pods-Unsplash.debug.xcconfig */,
				0910575821297AC66F617FC0 /* Pods-Unsplash.release.xcconfig */,
				603669E2591C955FD05A3D9B /* Pods-Unsplash-UnsplashUITests.debug.xcconfig */,
				11B27AE8BEE92F3B6DB14FCE /* Pods-Unsplash-UnsplashUITests.release.xcconfig */,
				8C8470B68940F8BDF0F5C342 /* Pods-UnsplashTests.debug.xcconfig */,
				5A535C5C2C1A19AFFE98FFE4 /* Pods-UnsplashTests.release.xcconfig */,
			);
			path = Pods;
			sourceTree = "<group>";
		};
		F266129B5379E2C1E48109DE /* Frameworks */ = {
			isa = PBXGroup;
			children = (
				F3E769F5998A903AE77E981D /* Pods_Unsplash.framework */,
				4FC83AA8B39A7CA19D236006 /* Pods_Unsplash_UnsplashUITests.framework */,
				E08F1972F52C47C711D21672 /* Pods_UnsplashTests.framework */,
			);
			name = Frameworks;
			sourceTree = "<group>";
		};
/* End PBXGroup section */

/* Begin PBXNativeTarget section */
		21C1D6532B20499F0022A120 /* Unsplash */ = {
			isa = PBXNativeTarget;
			buildConfigurationList = 21C1D67E2B2049A40022A120 /* Build configuration list for PBXNativeTarget "Unsplash" */;
			buildPhases = (
				5060C426CA384DE6C8F322BE /* [CP] Check Pods Manifest.lock */,
				21C1D6502B20499F0022A120 /* Sources */,
				21C1D6512B20499F0022A120 /* Frameworks */,
				21C1D6522B20499F0022A120 /* Resources */,
				499464D56660017108DC01F3 /* [CP] Embed Pods Frameworks */,
			);
			buildRules = (
			);
			dependencies = (
			);
			name = Unsplash;
			productName = Unsplash;
			productReference = 21C1D6542B20499F0022A120 /* Unsplash.app */;
			productType = "com.apple.product-type.application";
		};
		21C1D6692B2049A40022A120 /* UnsplashTests */ = {
			isa = PBXNativeTarget;
			buildConfigurationList = 21C1D6812B2049A40022A120 /* Build configuration list for PBXNativeTarget "UnsplashTests" */;
			buildPhases = (
				751F36AC393DAEF978B2CA23 /* [CP] Check Pods Manifest.lock */,
				21C1D6662B2049A40022A120 /* Sources */,
				21C1D6672B2049A40022A120 /* Frameworks */,
				21C1D6682B2049A40022A120 /* Resources */,
			);
			buildRules = (
			);
			dependencies = (
				21C1D66C2B2049A40022A120 /* PBXTargetDependency */,
			);
			name = UnsplashTests;
			productName = UnsplashTests;
			productReference = 21C1D66A2B2049A40022A120 /* UnsplashTests.xctest */;
			productType = "com.apple.product-type.bundle.unit-test";
		};
		21C1D6732B2049A40022A120 /* UnsplashUITests */ = {
			isa = PBXNativeTarget;
			buildConfigurationList = 21C1D6842B2049A40022A120 /* Build configuration list for PBXNativeTarget "UnsplashUITests" */;
			buildPhases = (
				13380A64773E274C12FF2278 /* [CP] Check Pods Manifest.lock */,
				21C1D6702B2049A40022A120 /* Sources */,
				21C1D6712B2049A40022A120 /* Frameworks */,
				21C1D6722B2049A40022A120 /* Resources */,
				CFC0A76734FF88C1542F4645 /* [CP] Embed Pods Frameworks */,
			);
			buildRules = (
			);
			dependencies = (
				21C1D6762B2049A40022A120 /* PBXTargetDependency */,
			);
			name = UnsplashUITests;
			productName = UnsplashUITests;
			productReference = 21C1D6742B2049A40022A120 /* UnsplashUITests.xctest */;
			productType = "com.apple.product-type.bundle.ui-testing";
		};
/* End PBXNativeTarget section */

/* Begin PBXProject section */
		21C1D64C2B20499E0022A120 /* Project object */ = {
			isa = PBXProject;
			attributes = {
				BuildIndependentTargetsInParallel = 1;
				LastSwiftUpdateCheck = 1500;
				LastUpgradeCheck = 1500;
				TargetAttributes = {
					21C1D6532B20499F0022A120 = {
						CreatedOnToolsVersion = 15.0;
					};
					21C1D6692B2049A40022A120 = {
						CreatedOnToolsVersion = 15.0;
						TestTargetID = 21C1D6532B20499F0022A120;
					};
					21C1D6732B2049A40022A120 = {
						CreatedOnToolsVersion = 15.0;
						TestTargetID = 21C1D6532B20499F0022A120;
					};
				};
			};
			buildConfigurationList = 21C1D64F2B20499E0022A120 /* Build configuration list for PBXProject "Unsplash" */;
			compatibilityVersion = "Xcode 14.0";
			developmentRegion = en;
			hasScannedForEncodings = 0;
			knownRegions = (
				en,
				Base,
			);
			mainGroup = 21C1D64B2B20499E0022A120;
			productRefGroup = 21C1D6552B20499F0022A120 /* Products */;
			projectDirPath = "";
			projectRoot = "";
			targets = (
				21C1D6532B20499F0022A120 /* Unsplash */,
				21C1D6692B2049A40022A120 /* UnsplashTests */,
				21C1D6732B2049A40022A120 /* UnsplashUITests */,
			);
		};
/* End PBXProject section */

/* Begin PBXResourcesBuildPhase section */
		21C1D6522B20499F0022A120 /* Resources */ = {
			isa = PBXResourcesBuildPhase;
			buildActionMask = 2147483647;
			files = (
				21125DD62B218E8F004A612D /* Roboto-Thin.ttf in Resources */,
				21125DD02B218E8F004A612D /* Roboto-Medium.ttf in Resources */,
				21125DD72B218E8F004A612D /* Roboto-LightItalic.ttf in Resources */,
				21125DD52B218E8F004A612D /* Roboto-Bold.ttf in Resources */,
				21125DD32B218E8F004A612D /* Roboto-Regular.ttf in Resources */,
				21125DCE2B218E8F004A612D /* Roboto-BoldItalic.ttf in Resources */,
				21125DCA2B218E84004A612D /* Roboto-ThinItalic.ttf in Resources */,
				21125DD42B218E8F004A612D /* Roboto-MediumItalic.ttf in Resources */,
				21C1D6642B2049A40022A120 /* LaunchScreen.storyboard in Resources */,
				21125DD12B218E8F004A612D /* Roboto-BlackItalic.ttf in Resources */,
				21125DCD2B218E8F004A612D /* Roboto-Black.ttf in Resources */,
				21125DCF2B218E8F004A612D /* Roboto-Light.ttf in Resources */,
				21125DD22B218E8F004A612D /* Roboto-Italic.ttf in Resources */,
				21C1D6612B2049A40022A120 /* Assets.xcassets in Resources */,
				21C1D65F2B20499F0022A120 /* Main.storyboard in Resources */,
			);
			runOnlyForDeploymentPostprocessing = 0;
		};
		21C1D6682B2049A40022A120 /* Resources */ = {
			isa = PBXResourcesBuildPhase;
			buildActionMask = 2147483647;
			files = (
				21125DDB2B218E8F004A612D /* Roboto-Medium.ttf in Resources */,
				21125DDC2B218E8F004A612D /* Roboto-BlackItalic.ttf in Resources */,
				21125DE22B218E8F004A612D /* Roboto-LightItalic.ttf in Resources */,
				21125DE02B218E8F004A612D /* Roboto-Bold.ttf in Resources */,
				21125DDE2B218E8F004A612D /* Roboto-Regular.ttf in Resources */,
				21125DE12B218E8F004A612D /* Roboto-Thin.ttf in Resources */,
				21125DD92B218E8F004A612D /* Roboto-BoldItalic.ttf in Resources */,
				21125DCB2B218E85004A612D /* Roboto-ThinItalic.ttf in Resources */,
				21125DDD2B218E8F004A612D /* Roboto-Italic.ttf in Resources */,
				21125DDA2B218E8F004A612D /* Roboto-Light.ttf in Resources */,
				21125DDF2B218E8F004A612D /* Roboto-MediumItalic.ttf in Resources */,
				21125DD82B218E8F004A612D /* Roboto-Black.ttf in Resources */,
			);
			runOnlyForDeploymentPostprocessing = 0;
		};
		21C1D6722B2049A40022A120 /* Resources */ = {
			isa = PBXResourcesBuildPhase;
			buildActionMask = 2147483647;
			files = (
				21125DE62B218E8F004A612D /* Roboto-Medium.ttf in Resources */,
				21125DE72B218E8F004A612D /* Roboto-BlackItalic.ttf in Resources */,
				21125DED2B218E8F004A612D /* Roboto-LightItalic.ttf in Resources */,
				21125DEB2B218E8F004A612D /* Roboto-Bold.ttf in Resources */,
				21125DE92B218E8F004A612D /* Roboto-Regular.ttf in Resources */,
				21125DEC2B218E8F004A612D /* Roboto-Thin.ttf in Resources */,
				21125DE42B218E8F004A612D /* Roboto-BoldItalic.ttf in Resources */,
				21125DCC2B218E86004A612D /* Roboto-ThinItalic.ttf in Resources */,
				21125DE82B218E8F004A612D /* Roboto-Italic.ttf in Resources */,
				21125DE52B218E8F004A612D /* Roboto-Light.ttf in Resources */,
				21125DEA2B218E8F004A612D /* Roboto-MediumItalic.ttf in Resources */,
				21125DE32B218E8F004A612D /* Roboto-Black.ttf in Resources */,
			);
			runOnlyForDeploymentPostprocessing = 0;
		};
/* End PBXResourcesBuildPhase section */

/* Begin PBXShellScriptBuildPhase section */
		13380A64773E274C12FF2278 /* [CP] Check Pods Manifest.lock */ = {
			isa = PBXShellScriptBuildPhase;
			buildActionMask = 2147483647;
			files = (
			);
			inputFileListPaths = (
			);
			inputPaths = (
				"${PODS_PODFILE_DIR_PATH}/Podfile.lock",
				"${PODS_ROOT}/Manifest.lock",
			);
			name = "[CP] Check Pods Manifest.lock";
			outputFileListPaths = (
			);
			outputPaths = (
				"$(DERIVED_FILE_DIR)/Pods-Unsplash-UnsplashUITests-checkManifestLockResult.txt",
			);
			runOnlyForDeploymentPostprocessing = 0;
			shellPath = /bin/sh;
			shellScript = "diff \"${PODS_PODFILE_DIR_PATH}/Podfile.lock\" \"${PODS_ROOT}/Manifest.lock\" > /dev/null\nif [ $? != 0 ] ; then\n    # print error to STDERR\n    echo \"error: The sandbox is not in sync with the Podfile.lock. Run 'pod install' or update your CocoaPods installation.\" >&2\n    exit 1\nfi\n# This output is used by Xcode 'outputs' to avoid re-running this script phase.\necho \"SUCCESS\" > \"${SCRIPT_OUTPUT_FILE_0}\"\n";
			showEnvVarsInLog = 0;
		};
		499464D56660017108DC01F3 /* [CP] Embed Pods Frameworks */ = {
			isa = PBXShellScriptBuildPhase;
			buildActionMask = 12;
			files = (
			);
			inputFileListPaths = (
				"${PODS_ROOT}/Target Support Files/Pods-Unsplash/Pods-Unsplash-frameworks-${CONFIGURATION}-input-files.xcfilelist",
			);
			name = "[CP] Embed Pods Frameworks";
			outputFileListPaths = (
				"${PODS_ROOT}/Target Support Files/Pods-Unsplash/Pods-Unsplash-frameworks-${CONFIGURATION}-output-files.xcfilelist",
			);
			runOnlyForDeploymentPostprocessing = 0;
			shellPath = /bin/sh;
			shellScript = "\"${PODS_ROOT}/Target Support Files/Pods-Unsplash/Pods-Unsplash-frameworks.sh\"\n";
			showEnvVarsInLog = 0;
		};
		5060C426CA384DE6C8F322BE /* [CP] Check Pods Manifest.lock */ = {
			isa = PBXShellScriptBuildPhase;
			buildActionMask = 2147483647;
			files = (
			);
			inputFileListPaths = (
			);
			inputPaths = (
				"${PODS_PODFILE_DIR_PATH}/Podfile.lock",
				"${PODS_ROOT}/Manifest.lock",
			);
			name = "[CP] Check Pods Manifest.lock";
			outputFileListPaths = (
			);
			outputPaths = (
				"$(DERIVED_FILE_DIR)/Pods-Unsplash-checkManifestLockResult.txt",
			);
			runOnlyForDeploymentPostprocessing = 0;
			shellPath = /bin/sh;
			shellScript = "diff \"${PODS_PODFILE_DIR_PATH}/Podfile.lock\" \"${PODS_ROOT}/Manifest.lock\" > /dev/null\nif [ $? != 0 ] ; then\n    # print error to STDERR\n    echo \"error: The sandbox is not in sync with the Podfile.lock. Run 'pod install' or update your CocoaPods installation.\" >&2\n    exit 1\nfi\n# This output is used by Xcode 'outputs' to avoid re-running this script phase.\necho \"SUCCESS\" > \"${SCRIPT_OUTPUT_FILE_0}\"\n";
			showEnvVarsInLog = 0;
		};
		751F36AC393DAEF978B2CA23 /* [CP] Check Pods Manifest.lock */ = {
			isa = PBXShellScriptBuildPhase;
			buildActionMask = 2147483647;
			files = (
			);
			inputFileListPaths = (
			);
			inputPaths = (
				"${PODS_PODFILE_DIR_PATH}/Podfile.lock",
				"${PODS_ROOT}/Manifest.lock",
			);
			name = "[CP] Check Pods Manifest.lock";
			outputFileListPaths = (
			);
			outputPaths = (
				"$(DERIVED_FILE_DIR)/Pods-UnsplashTests-checkManifestLockResult.txt",
			);
			runOnlyForDeploymentPostprocessing = 0;
			shellPath = /bin/sh;
			shellScript = "diff \"${PODS_PODFILE_DIR_PATH}/Podfile.lock\" \"${PODS_ROOT}/Manifest.lock\" > /dev/null\nif [ $? != 0 ] ; then\n    # print error to STDERR\n    echo \"error: The sandbox is not in sync with the Podfile.lock. Run 'pod install' or update your CocoaPods installation.\" >&2\n    exit 1\nfi\n# This output is used by Xcode 'outputs' to avoid re-running this script phase.\necho \"SUCCESS\" > \"${SCRIPT_OUTPUT_FILE_0}\"\n";
			showEnvVarsInLog = 0;
		};
		CFC0A76734FF88C1542F4645 /* [CP] Embed Pods Frameworks */ = {
			isa = PBXShellScriptBuildPhase;
			buildActionMask = 2147483647;
			files = (
			);
			inputFileListPaths = (
				"${PODS_ROOT}/Target Support Files/Pods-Unsplash-UnsplashUITests/Pods-Unsplash-UnsplashUITests-frameworks-${CONFIGURATION}-input-files.xcfilelist",
			);
			name = "[CP] Embed Pods Frameworks";
			outputFileListPaths = (
				"${PODS_ROOT}/Target Support Files/Pods-Unsplash-UnsplashUITests/Pods-Unsplash-UnsplashUITests-frameworks-${CONFIGURATION}-output-files.xcfilelist",
			);
			runOnlyForDeploymentPostprocessing = 0;
			shellPath = /bin/sh;
			shellScript = "\"${PODS_ROOT}/Target Support Files/Pods-Unsplash-UnsplashUITests/Pods-Unsplash-UnsplashUITests-frameworks.sh\"\n";
			showEnvVarsInLog = 0;
		};
/* End PBXShellScriptBuildPhase section */

/* Begin PBXSourcesBuildPhase section */
		21C1D6502B20499F0022A120 /* Sources */ = {
			isa = PBXSourcesBuildPhase;
			buildActionMask = 2147483647;
			files = (
				21125E142B21BFAF004A612D /* AppConst.swift in Sources */,
				21312CC52B26FDE700F5C50A /* SearchVC.swift in Sources */,
				21125E122B21BF8C004A612D /* BlueLoder.swift in Sources */,
				21B300142B22DE03005168FF /* SearchImage.swift in Sources */,
				219D1AFB2B28166E004A53F6 /* UnsplashAPIClient.swift in Sources */,
				21125DF22B2193D1004A612D /* OnboardingVC.swift in Sources */,
				21C1D68C2B206C280022A120 /* CollectionViewCell.swift in Sources */,
				21C1D68A2B204B400022A120 /* HomePageImage.swift in Sources */,
				21C1D65C2B20499F0022A120 /* ViewController.swift in Sources */,
				21C1D6582B20499F0022A120 /* AppDelegate.swift in Sources */,
				219D1B012B282145004A53F6 /* ImageViewController.swift in Sources */,
				21C1D65A2B20499F0022A120 /* SceneDelegate.swift in Sources */,
			);
			runOnlyForDeploymentPostprocessing = 0;
		};
		21C1D6662B2049A40022A120 /* Sources */ = {
			isa = PBXSourcesBuildPhase;
			buildActionMask = 2147483647;
			files = (
				21C1D66F2B2049A40022A120 /* UnsplashTests.swift in Sources */,
			);
			runOnlyForDeploymentPostprocessing = 0;
		};
		21C1D6702B2049A40022A120 /* Sources */ = {
			isa = PBXSourcesBuildPhase;
			buildActionMask = 2147483647;
			files = (
				21C1D67B2B2049A40022A120 /* UnsplashUITestsLaunchTests.swift in Sources */,
				21C1D6792B2049A40022A120 /* UnsplashUITests.swift in Sources */,
			);
			runOnlyForDeploymentPostprocessing = 0;
		};
/* End PBXSourcesBuildPhase section */

/* Begin PBXTargetDependency section */
		21C1D66C2B2049A40022A120 /* PBXTargetDependency */ = {
			isa = PBXTargetDependency;
			target = 21C1D6532B20499F0022A120 /* Unsplash */;
			targetProxy = 21C1D66B2B2049A40022A120 /* PBXContainerItemProxy */;
		};
		21C1D6762B2049A40022A120 /* PBXTargetDependency */ = {
			isa = PBXTargetDependency;
			target = 21C1D6532B20499F0022A120 /* Unsplash */;
			targetProxy = 21C1D6752B2049A40022A120 /* PBXContainerItemProxy */;
		};
/* End PBXTargetDependency section */

/* Begin PBXVariantGroup section */
		21C1D65D2B20499F0022A120 /* Main.storyboard */ = {
			isa = PBXVariantGroup;
			children = (
				21C1D65E2B20499F0022A120 /* Base */,
			);
			name = Main.storyboard;
			sourceTree = "<group>";
		};
		21C1D6622B2049A40022A120 /* LaunchScreen.storyboard */ = {
			isa = PBXVariantGroup;
			children = (
				21C1D6632B2049A40022A120 /* Base */,
			);
			name = LaunchScreen.storyboard;
			sourceTree = "<group>";
		};
/* End PBXVariantGroup section */

/* Begin XCBuildConfiguration section */
		21C1D67C2B2049A40022A120 /* Debug */ = {
			isa = XCBuildConfiguration;
			buildSettings = {
				ALWAYS_SEARCH_USER_PATHS = NO;
				ASSETCATALOG_COMPILER_GENERATE_SWIFT_ASSET_SYMBOL_EXTENSIONS = YES;
				CLANG_ANALYZER_NONNULL = YES;
				CLANG_ANALYZER_NUMBER_OBJECT_CONVERSION = YES_AGGRESSIVE;
				CLANG_CXX_LANGUAGE_STANDARD = "gnu++20";
				CLANG_ENABLE_MODULES = YES;
				CLANG_ENABLE_OBJC_ARC = YES;
				CLANG_ENABLE_OBJC_WEAK = YES;
				CLANG_WARN_BLOCK_CAPTURE_AUTORELEASING = YES;
				CLANG_WARN_BOOL_CONVERSION = YES;
				CLANG_WARN_COMMA = YES;
				CLANG_WARN_CONSTANT_CONVERSION = YES;
				CLANG_WARN_DEPRECATED_OBJC_IMPLEMENTATIONS = YES;
				CLANG_WARN_DIRECT_OBJC_ISA_USAGE = YES_ERROR;
				CLANG_WARN_DOCUMENTATION_COMMENTS = YES;
				CLANG_WARN_EMPTY_BODY = YES;
				CLANG_WARN_ENUM_CONVERSION = YES;
				CLANG_WARN_INFINITE_RECURSION = YES;
				CLANG_WARN_INT_CONVERSION = YES;
				CLANG_WARN_NON_LITERAL_NULL_CONVERSION = YES;
				CLANG_WARN_OBJC_IMPLICIT_RETAIN_SELF = YES;
				CLANG_WARN_OBJC_LITERAL_CONVERSION = YES;
				CLANG_WARN_OBJC_ROOT_CLASS = YES_ERROR;
				CLANG_WARN_QUOTED_INCLUDE_IN_FRAMEWORK_HEADER = YES;
				CLANG_WARN_RANGE_LOOP_ANALYSIS = YES;
				CLANG_WARN_STRICT_PROTOTYPES = YES;
				CLANG_WARN_SUSPICIOUS_MOVE = YES;
				CLANG_WARN_UNGUARDED_AVAILABILITY = YES_AGGRESSIVE;
				CLANG_WARN_UNREACHABLE_CODE = YES;
				CLANG_WARN__DUPLICATE_METHOD_MATCH = YES;
				COPY_PHASE_STRIP = NO;
				DEBUG_INFORMATION_FORMAT = dwarf;
				ENABLE_STRICT_OBJC_MSGSEND = YES;
				ENABLE_TESTABILITY = YES;
				ENABLE_USER_SCRIPT_SANDBOXING = YES;
				GCC_C_LANGUAGE_STANDARD = gnu17;
				GCC_DYNAMIC_NO_PIC = NO;
				GCC_NO_COMMON_BLOCKS = YES;
				GCC_OPTIMIZATION_LEVEL = 0;
				GCC_PREPROCESSOR_DEFINITIONS = (
					"DEBUG=1",
					"$(inherited)",
				);
				GCC_WARN_64_TO_32_BIT_CONVERSION = YES;
				GCC_WARN_ABOUT_RETURN_TYPE = YES_ERROR;
				GCC_WARN_UNDECLARED_SELECTOR = YES;
				GCC_WARN_UNINITIALIZED_AUTOS = YES_AGGRESSIVE;
				GCC_WARN_UNUSED_FUNCTION = YES;
				GCC_WARN_UNUSED_VARIABLE = YES;
				IPHONEOS_DEPLOYMENT_TARGET = 17.0;
				LOCALIZATION_PREFERS_STRING_CATALOGS = YES;
				MTL_ENABLE_DEBUG_INFO = INCLUDE_SOURCE;
				MTL_FAST_MATH = YES;
				ONLY_ACTIVE_ARCH = YES;
				SDKROOT = iphoneos;
				SWIFT_ACTIVE_COMPILATION_CONDITIONS = "DEBUG $(inherited)";
				SWIFT_OPTIMIZATION_LEVEL = "-Onone";
			};
			name = Debug;
		};
		21C1D67D2B2049A40022A120 /* Release */ = {
			isa = XCBuildConfiguration;
			buildSettings = {
				ALWAYS_SEARCH_USER_PATHS = NO;
				ASSETCATALOG_COMPILER_GENERATE_SWIFT_ASSET_SYMBOL_EXTENSIONS = YES;
				CLANG_ANALYZER_NONNULL = YES;
				CLANG_ANALYZER_NUMBER_OBJECT_CONVERSION = YES_AGGRESSIVE;
				CLANG_CXX_LANGUAGE_STANDARD = "gnu++20";
				CLANG_ENABLE_MODULES = YES;
				CLANG_ENABLE_OBJC_ARC = YES;
				CLANG_ENABLE_OBJC_WEAK = YES;
				CLANG_WARN_BLOCK_CAPTURE_AUTORELEASING = YES;
				CLANG_WARN_BOOL_CONVERSION = YES;
				CLANG_WARN_COMMA = YES;
				CLANG_WARN_CONSTANT_CONVERSION = YES;
				CLANG_WARN_DEPRECATED_OBJC_IMPLEMENTATIONS = YES;
				CLANG_WARN_DIRECT_OBJC_ISA_USAGE = YES_ERROR;
				CLANG_WARN_DOCUMENTATION_COMMENTS = YES;
				CLANG_WARN_EMPTY_BODY = YES;
				CLANG_WARN_ENUM_CONVERSION = YES;
				CLANG_WARN_INFINITE_RECURSION = YES;
				CLANG_WARN_INT_CONVERSION = YES;
				CLANG_WARN_NON_LITERAL_NULL_CONVERSION = YES;
				CLANG_WARN_OBJC_IMPLICIT_RETAIN_SELF = YES;
				CLANG_WARN_OBJC_LITERAL_CONVERSION = YES;
				CLANG_WARN_OBJC_ROOT_CLASS = YES_ERROR;
				CLANG_WARN_QUOTED_INCLUDE_IN_FRAMEWORK_HEADER = YES;
				CLANG_WARN_RANGE_LOOP_ANALYSIS = YES;
				CLANG_WARN_STRICT_PROTOTYPES = YES;
				CLANG_WARN_SUSPICIOUS_MOVE = YES;
				CLANG_WARN_UNGUARDED_AVAILABILITY = YES_AGGRESSIVE;
				CLANG_WARN_UNREACHABLE_CODE = YES;
				CLANG_WARN__DUPLICATE_METHOD_MATCH = YES;
				COPY_PHASE_STRIP = NO;
				DEBUG_INFORMATION_FORMAT = "dwarf-with-dsym";
				ENABLE_NS_ASSERTIONS = NO;
				ENABLE_STRICT_OBJC_MSGSEND = YES;
				ENABLE_USER_SCRIPT_SANDBOXING = YES;
				GCC_C_LANGUAGE_STANDARD = gnu17;
				GCC_NO_COMMON_BLOCKS = YES;
				GCC_WARN_64_TO_32_BIT_CONVERSION = YES;
				GCC_WARN_ABOUT_RETURN_TYPE = YES_ERROR;
				GCC_WARN_UNDECLARED_SELECTOR = YES;
				GCC_WARN_UNINITIALIZED_AUTOS = YES_AGGRESSIVE;
				GCC_WARN_UNUSED_FUNCTION = YES;
				GCC_WARN_UNUSED_VARIABLE = YES;
				IPHONEOS_DEPLOYMENT_TARGET = 17.0;
				LOCALIZATION_PREFERS_STRING_CATALOGS = YES;
				MTL_ENABLE_DEBUG_INFO = NO;
				MTL_FAST_MATH = YES;
				SDKROOT = iphoneos;
				SWIFT_COMPILATION_MODE = wholemodule;
				VALIDATE_PRODUCT = YES;
			};
			name = Release;
		};
		21C1D67F2B2049A40022A120 /* Debug */ = {
			isa = XCBuildConfiguration;
			baseConfigurationReference = ADE7E9912A5057AD826E8FBC /* Pods-Unsplash.debug.xcconfig */;
			buildSettings = {
				ASSETCATALOG_COMPILER_APPICON_NAME = AppIcon;
				ASSETCATALOG_COMPILER_GLOBAL_ACCENT_COLOR_NAME = AccentColor;
				CODE_SIGN_STYLE = Automatic;
				CURRENT_PROJECT_VERSION = 1;
				DEVELOPMENT_TEAM = BV827BG4DQ;
				ENABLE_USER_SCRIPT_SANDBOXING = NO;
				GENERATE_INFOPLIST_FILE = YES;
				INFOPLIST_FILE = Unsplash/Info.plist;
				INFOPLIST_KEY_UIApplicationSupportsIndirectInputEvents = YES;
				INFOPLIST_KEY_UILaunchStoryboardName = LaunchScreen;
				INFOPLIST_KEY_UIMainStoryboardFile = Main;
				INFOPLIST_KEY_UISupportedInterfaceOrientations_iPad = "UIInterfaceOrientationPortrait UIInterfaceOrientationPortraitUpsideDown UIInterfaceOrientationLandscapeLeft UIInterfaceOrientationLandscapeRight";
				INFOPLIST_KEY_UISupportedInterfaceOrientations_iPhone = "UIInterfaceOrientationPortrait UIInterfaceOrientationLandscapeLeft UIInterfaceOrientationLandscapeRight";
				LD_RUNPATH_SEARCH_PATHS = (
					"$(inherited)",
					"@executable_path/Frameworks",
				);
				MARKETING_VERSION = 1.0;
				PRODUCT_BUNDLE_IDENTIFIER = com.PhotoApp.ios.Unsplash;
				PRODUCT_NAME = "$(TARGET_NAME)";
				SWIFT_EMIT_LOC_STRINGS = YES;
				SWIFT_VERSION = 5.0;
				TARGETED_DEVICE_FAMILY = "1,2";
			};
			name = Debug;
		};
		21C1D6802B2049A40022A120 /* Release */ = {
			isa = XCBuildConfiguration;
			baseConfigurationReference = 0910575821297AC66F617FC0 /* Pods-Unsplash.release.xcconfig */;
			buildSettings = {
				ASSETCATALOG_COMPILER_APPICON_NAME = AppIcon;
				ASSETCATALOG_COMPILER_GLOBAL_ACCENT_COLOR_NAME = AccentColor;
				CODE_SIGN_STYLE = Automatic;
				CURRENT_PROJECT_VERSION = 1;
				DEVELOPMENT_TEAM = BV827BG4DQ;
				ENABLE_USER_SCRIPT_SANDBOXING = NO;
				GENERATE_INFOPLIST_FILE = YES;
				INFOPLIST_FILE = Unsplash/Info.plist;
				INFOPLIST_KEY_UIApplicationSupportsIndirectInputEvents = YES;
				INFOPLIST_KEY_UILaunchStoryboardName = LaunchScreen;
				INFOPLIST_KEY_UIMainStoryboardFile = Main;
				INFOPLIST_KEY_UISupportedInterfaceOrientations_iPad = "UIInterfaceOrientationPortrait UIInterfaceOrientationPortraitUpsideDown UIInterfaceOrientationLandscapeLeft UIInterfaceOrientationLandscapeRight";
				INFOPLIST_KEY_UISupportedInterfaceOrientations_iPhone = "UIInterfaceOrientationPortrait UIInterfaceOrientationLandscapeLeft UIInterfaceOrientationLandscapeRight";
				LD_RUNPATH_SEARCH_PATHS = (
					"$(inherited)",
					"@executable_path/Frameworks",
				);
				MARKETING_VERSION = 1.0;
				PRODUCT_BUNDLE_IDENTIFIER = com.PhotoApp.ios.Unsplash;
				PRODUCT_NAME = "$(TARGET_NAME)";
				SWIFT_EMIT_LOC_STRINGS = YES;
				SWIFT_VERSION = 5.0;
				TARGETED_DEVICE_FAMILY = "1,2";
			};
			name = Release;
		};
		21C1D6822B2049A40022A120 /* Debug */ = {
			isa = XCBuildConfiguration;
			baseConfigurationReference = 8C8470B68940F8BDF0F5C342 /* Pods-UnsplashTests.debug.xcconfig */;
			buildSettings = {
				ALWAYS_EMBED_SWIFT_STANDARD_LIBRARIES = YES;
				BUNDLE_LOADER = "$(TEST_HOST)";
				CODE_SIGN_STYLE = Automatic;
				CURRENT_PROJECT_VERSION = 1;
				DEVELOPMENT_TEAM = BV827BG4DQ;
				GENERATE_INFOPLIST_FILE = YES;
				IPHONEOS_DEPLOYMENT_TARGET = 17.0;
				MARKETING_VERSION = 1.0;
				PRODUCT_BUNDLE_IDENTIFIER = com.PhotoApp.ios.UnsplashTests;
				PRODUCT_NAME = "$(TARGET_NAME)";
				SWIFT_EMIT_LOC_STRINGS = NO;
				SWIFT_VERSION = 5.0;
				TARGETED_DEVICE_FAMILY = "1,2";
				TEST_HOST = "$(BUILT_PRODUCTS_DIR)/Unsplash.app/$(BUNDLE_EXECUTABLE_FOLDER_PATH)/Unsplash";
			};
			name = Debug;
		};
		21C1D6832B2049A40022A120 /* Release */ = {
			isa = XCBuildConfiguration;
			baseConfigurationReference = 5A535C5C2C1A19AFFE98FFE4 /* Pods-UnsplashTests.release.xcconfig */;
			buildSettings = {
				ALWAYS_EMBED_SWIFT_STANDARD_LIBRARIES = YES;
				BUNDLE_LOADER = "$(TEST_HOST)";
				CODE_SIGN_STYLE = Automatic;
				CURRENT_PROJECT_VERSION = 1;
				DEVELOPMENT_TEAM = BV827BG4DQ;
				GENERATE_INFOPLIST_FILE = YES;
				IPHONEOS_DEPLOYMENT_TARGET = 17.0;
				MARKETING_VERSION = 1.0;
				PRODUCT_BUNDLE_IDENTIFIER = com.PhotoApp.ios.UnsplashTests;
				PRODUCT_NAME = "$(TARGET_NAME)";
				SWIFT_EMIT_LOC_STRINGS = NO;
				SWIFT_VERSION = 5.0;
				TARGETED_DEVICE_FAMILY = "1,2";
				TEST_HOST = "$(BUILT_PRODUCTS_DIR)/Unsplash.app/$(BUNDLE_EXECUTABLE_FOLDER_PATH)/Unsplash";
			};
			name = Release;
		};
		21C1D6852B2049A40022A120 /* Debug */ = {
			isa = XCBuildConfiguration;
			baseConfigurationReference = 603669E2591C955FD05A3D9B /* Pods-Unsplash-UnsplashUITests.debug.xcconfig */;
			buildSettings = {
				ALWAYS_EMBED_SWIFT_STANDARD_LIBRARIES = YES;
				CODE_SIGN_STYLE = Automatic;
				CURRENT_PROJECT_VERSION = 1;
				DEVELOPMENT_TEAM = BV827BG4DQ;
				GENERATE_INFOPLIST_FILE = YES;
				MARKETING_VERSION = 1.0;
				PRODUCT_BUNDLE_IDENTIFIER = com.PhotoApp.ios.UnsplashUITests;
				PRODUCT_NAME = "$(TARGET_NAME)";
				SWIFT_EMIT_LOC_STRINGS = NO;
				SWIFT_VERSION = 5.0;
				TARGETED_DEVICE_FAMILY = "1,2";
				TEST_TARGET_NAME = Unsplash;
			};
			name = Debug;
		};
		21C1D6862B2049A40022A120 /* Release */ = {
			isa = XCBuildConfiguration;
			baseConfigurationReference = 11B27AE8BEE92F3B6DB14FCE /* Pods-Unsplash-UnsplashUITests.release.xcconfig */;
			buildSettings = {
				ALWAYS_EMBED_SWIFT_STANDARD_LIBRARIES = YES;
				CODE_SIGN_STYLE = Automatic;
				CURRENT_PROJECT_VERSION = 1;
				DEVELOPMENT_TEAM = BV827BG4DQ;
				GENERATE_INFOPLIST_FILE = YES;
				MARKETING_VERSION = 1.0;
				PRODUCT_BUNDLE_IDENTIFIER = com.PhotoApp.ios.UnsplashUITests;
				PRODUCT_NAME = "$(TARGET_NAME)";
				SWIFT_EMIT_LOC_STRINGS = NO;
				SWIFT_VERSION = 5.0;
				TARGETED_DEVICE_FAMILY = "1,2";
				TEST_TARGET_NAME = Unsplash;
			};
			name = Release;
		};
/* End XCBuildConfiguration section */

/* Begin XCConfigurationList section */
		21C1D64F2B20499E0022A120 /* Build configuration list for PBXProject "Unsplash" */ = {
			isa = XCConfigurationList;
			buildConfigurations = (
				21C1D67C2B2049A40022A120 /* Debug */,
				21C1D67D2B2049A40022A120 /* Release */,
			);
			defaultConfigurationIsVisible = 0;
			defaultConfigurationName = Release;
		};
		21C1D67E2B2049A40022A120 /* Build configuration list for PBXNativeTarget "Unsplash" */ = {
			isa = XCConfigurationList;
			buildConfigurations = (
				21C1D67F2B2049A40022A120 /* Debug */,
				21C1D6802B2049A40022A120 /* Release */,
			);
			defaultConfigurationIsVisible = 0;
			defaultConfigurationName = Release;
		};
		21C1D6812B2049A40022A120 /* Build configuration list for PBXNativeTarget "UnsplashTests" */ = {
			isa = XCConfigurationList;
			buildConfigurations = (
				21C1D6822B2049A40022A120 /* Debug */,
				21C1D6832B2049A40022A120 /* Release */,
			);
			defaultConfigurationIsVisible = 0;
			defaultConfigurationName = Release;
		};
		21C1D6842B2049A40022A120 /* Build configuration list for PBXNativeTarget "UnsplashUITests" */ = {
			isa = XCConfigurationList;
			buildConfigurations = (
				21C1D6852B2049A40022A120 /* Debug */,
				21C1D6862B2049A40022A120 /* Release */,
			);
			defaultConfigurationIsVisible = 0;
			defaultConfigurationName = Release;
		};
/* End XCConfigurationList section */
	};
	rootObject = 21C1D64C2B20499E0022A120 /* Project object */;
}
